
Microsoft Visual Studio Solution File, Format Version 12.00
# Visual Studio Version 17
VisualStudioVersion = 17.7.34031.279
MinimumVisualStudioVersion = 10.0.40219.1
Project("{9A19103F-16F7-4668-BE54-9A1E7A4F7556}") = "SistemasVentas.DAL", "SistemasVentas.DAL\SistemasVentas.DAL.csproj", "{07610AF8-A315-4700-8056-FF367B455AE3}"
EndProject
Project("{9A19103F-16F7-4668-BE54-9A1E7A4F7556}") = "SistemasVentas.Modelos", "SistemasVentas.Modelos\SistemasVentas.Modelos.csproj", "{4CF09EE0-2462-4822-9D93-9FE2C9A984E8}"
EndProject
Project("{9A19103F-16F7-4668-BE54-9A1E7A4F7556}") = "SistemasVentas.VISTA", "SistemasVentas.VISTA\SistemasVentas.VISTA.csproj", "{DDF88C49-66A6-4F25-B5E3-5CA211602EA0}"
EndProject
Project("{9A19103F-16F7-4668-BE54-9A1E7A4F7556}") = "SistemasVentas", "SistemasVentas\SistemasVentas.csproj", "{8205B90A-91B1-4569-9358-91DAB9367A19}"
EndProject
Project("{FAE04EC0-301F-11D3-BF4B-00C04F79EFBC}") = "SistemasVentas.BSS", "SistemasVentas.BSS\SistemasVentas.BSS.csproj", "{65FE78F3-3CB8-4A2D-8427-5C7AAF5D70CF}"
EndProject
Global
	GlobalSection(SolutionConfigurationPlatforms) = preSolution
		Debug|Any CPU = Debug|Any CPU
		Release|Any CPU = Release|Any CPU
	EndGlobalSection
	GlobalSection(ProjectConfigurationPlatforms) = postSolution
		{07610AF8-A315-4700-8056-FF367B455AE3}.Debug|Any CPU.ActiveCfg = Debug|Any CPU
		{07610AF8-A315-4700-8056-FF367B455AE3}.Debug|Any CPU.Build.0 = Debug|Any CPU
		{07610AF8-A315-4700-8056-FF367B455AE3}.Release|Any CPU.ActiveCfg = Release|Any CPU
		{07610AF8-A315-4700-8056-FF367B455AE3}.Release|Any CPU.Build.0 = Release|Any CPU
		{4CF09EE0-2462-4822-9D93-9FE2C9A984E8}.Debug|Any CPU.ActiveCfg = Debug|Any CPU
		{4CF09EE0-2462-4822-9D93-9FE2C9A984E8}.Debug|Any CPU.Build.0 = Debug|Any CPU
		{4CF09EE0-2462-4822-9D93-9FE2C9A984E8}.Release|Any CPU.ActiveCfg = Release|Any CPU
		{4CF09EE0-2462-4822-9D93-9FE2C9A984E8}.Release|Any CPU.Build.0 = Release|Any CPU
		{DDF88C49-66A6-4F25-B5E3-5CA211602EA0}.Debug|Any CPU.ActiveCfg = Debug|Any CPU
		{DDF88C49-66A6-4F25-B5E3-5CA211602EA0}.Debug|Any CPU.Build.0 = Debug|Any CPU
		{DDF88C49-66A6-4F25-B5E3-5CA211602EA0}.Release|Any CPU.ActiveCfg = Release|Any CPU
		{DDF88C49-66A6-4F25-B5E3-5CA211602EA0}.Release|Any CPU.Build.0 = Release|Any CPU
		{8205B90A-91B1-4569-9358-91DAB9367A19}.Debug|Any CPU.ActiveCfg = Debug|Any CPU
		{8205B90A-91B1-4569-9358-91DAB9367A19}.Debug|Any CPU.Build.0 = Debug|Any CPU
		{8205B90A-91B1-4569-9358-91DAB9367A19}.Release|Any CPU.ActiveCfg = Release|Any CPU
		{8205B90A-91B1-4569-9358-91DAB9367A19}.Release|Any CPU.Build.0 = Release|Any CPU
		{65FE78F3-3CB8-4A2D-8427-5C7AAF5D70CF}.Debug|Any CPU.ActiveCfg = Debug|Any CPU
		{65FE78F3-3CB8-4A2D-8427-5C7AAF5D70CF}.Debug|Any CPU.Build.0 = Debug|Any CPU
		{65FE78F3-3CB8-4A2D-8427-5C7AAF5D70CF}.Release|Any CPU.ActiveCfg = Release|Any CPU
		{65FE78F3-3CB8-4A2D-8427-5C7AAF5D70CF}.Release|Any CPU.Build.0 = Release|Any CPU
	EndGlobalSection
	GlobalSection(SolutionProperties) = preSolution
		HideSolutionNode = FALSE
	EndGlobalSection
	GlobalSection(ExtensibilityGlobals) = postSolution
		SolutionGuid = {649B0D79-C6B9-48B8-A8D8-80C3648E95B5}
	EndGlobalSection
EndGlobal
